{
  "name": "@mandate/kernel",
  "version": "0.2.0",
  "lockfileVersion": 3,
  "requires": true,
  "packages": {
    "": {
      "name": "@mandate/kernel",
      "version": "0.2.0",
      "license": "MIT",
      "bin": {
        "mandate": "src/cli.js"
      },
      "engines": {
        "node": ">=20.10"
      }
    }
  }
}
